
Microsoft Visual Studio Solution File, Format Version 12.00
# Visual Studio Version 17
VisualStudioVersion = 17.4.33110.190
MinimumVisualStudioVersion = 10.0.40219.1
Project("{FAE04EC0-301F-11D3-BF4B-00C04F79EFBC}") = "Booking.Server", "Booking\Server\Booking.Server.csproj", "{7951A78D-443E-40F5-B881-BD864377EF38}"
EndProject
Project("{FAE04EC0-301F-11D3-BF4B-00C04F79EFBC}") = "Booking.Client", "Booking\Client\Booking.Client.csproj", "{4DF31240-212B-4EE6-9983-56D4E2721687}"
EndProject
Project("{FAE04EC0-301F-11D3-BF4B-00C04F79EFBC}") = "Booking.Shared", "Booking\Shared\Booking.Shared.csproj", "{BE4BE446-BC1E-4FE0-B708-EFBF25407B7F}"
EndProject
Project("{FAE04EC0-301F-11D3-BF4B-00C04F79EFBC}") = "Booking.DataContext", "Booking.DataContext\Booking.DataContext.csproj", "{64CEE241-AD27-46D7-9EE6-3A4106930D77}"
EndProject
Global
	GlobalSection(SolutionConfigurationPlatforms) = preSolution
		Debug|Any CPU = Debug|Any CPU
		Release|Any CPU = Release|Any CPU
	EndGlobalSection
	GlobalSection(ProjectConfigurationPlatforms) = postSolution
		{7951A78D-443E-40F5-B881-BD864377EF38}.Debug|Any CPU.ActiveCfg = Debug|Any CPU
		{7951A78D-443E-40F5-B881-BD864377EF38}.Debug|Any CPU.Build.0 = Debug|Any CPU
		{7951A78D-443E-40F5-B881-BD864377EF38}.Release|Any CPU.ActiveCfg = Release|Any CPU
		{7951A78D-443E-40F5-B881-BD864377EF38}.Release|Any CPU.Build.0 = Release|Any CPU
		{4DF31240-212B-4EE6-9983-56D4E2721687}.Debug|Any CPU.ActiveCfg = Debug|Any CPU
		{4DF31240-212B-4EE6-9983-56D4E2721687}.Debug|Any CPU.Build.0 = Debug|Any CPU
		{4DF31240-212B-4EE6-9983-56D4E2721687}.Release|Any CPU.ActiveCfg = Release|Any CPU
		{4DF31240-212B-4EE6-9983-56D4E2721687}.Release|Any CPU.Build.0 = Release|Any CPU
		{BE4BE446-BC1E-4FE0-B708-EFBF25407B7F}.Debug|Any CPU.ActiveCfg = Debug|Any CPU
		{BE4BE446-BC1E-4FE0-B708-EFBF25407B7F}.Debug|Any CPU.Build.0 = Debug|Any CPU
		{BE4BE446-BC1E-4FE0-B708-EFBF25407B7F}.Release|Any CPU.ActiveCfg = Release|Any CPU
		{BE4BE446-BC1E-4FE0-B708-EFBF25407B7F}.Release|Any CPU.Build.0 = Release|Any CPU
		{64CEE241-AD27-46D7-9EE6-3A4106930D77}.Debug|Any CPU.ActiveCfg = Debug|Any CPU
		{64CEE241-AD27-46D7-9EE6-3A4106930D77}.Debug|Any CPU.Build.0 = Debug|Any CPU
		{64CEE241-AD27-46D7-9EE6-3A4106930D77}.Release|Any CPU.ActiveCfg = Release|Any CPU
		{64CEE241-AD27-46D7-9EE6-3A4106930D77}.Release|Any CPU.Build.0 = Release|Any CPU
	EndGlobalSection
	GlobalSection(SolutionProperties) = preSolution
		HideSolutionNode = FALSE
	EndGlobalSection
	GlobalSection(ExtensibilityGlobals) = postSolution
		SolutionGuid = {02CB60AB-9D94-4144-B4AD-836DA62C8E1A}
	EndGlobalSection
EndGlobal
